
Microsoft Visual Studio Solution File, Format Version 12.00
# Visual Studio Version 16
VisualStudioVersion = 16.0.29025.244
MinimumVisualStudioVersion = 10.0.40219.1
Project("{2150E333-8FDC-42A3-9474-1A3956D46DE8}") = "0 - Modeling and Design", "0 - Modeling and Design", "{F9B755C8-D8E0-4DF2-B464-2D581487068D}"
	ProjectSection(SolutionItems) = preProject
		..\..\INVENTWARE.ApplicationStructure.Core\IAS.Data.Core\_Docs\References.txt = ..\..\INVENTWARE.ApplicationStructure.Core\IAS.Data.Core\_Docs\References.txt
	EndProjectSection
EndProject
Project("{2150E333-8FDC-42A3-9474-1A3956D46DE8}") = "1 - Layers", "1 - Layers", "{87653FBF-BCB2-46E1-87A7-653198884AC4}"
EndProject
Project("{2150E333-8FDC-42A3-9474-1A3956D46DE8}") = "1.1 - Presentation", "1.1 - Presentation", "{A0CDB46D-49C7-4A51-9DC1-22321BF2F5AA}"
EndProject
Project("{2150E333-8FDC-42A3-9474-1A3956D46DE8}") = "1.2 - Distributed Services", "1.2 - Distributed Services", "{B0F31B6F-B993-45A9-B776-2450A9E70D35}"
EndProject
Project("{2150E333-8FDC-42A3-9474-1A3956D46DE8}") = "1.1.1 - RIA", "1.1.1 - RIA", "{1A67D5A0-166C-42CA-867D-DAE5F09D52CF}"
EndProject
Project("{2150E333-8FDC-42A3-9474-1A3956D46DE8}") = "1.1.2 - Web", "1.1.2 - Web", "{EB42DF77-546A-4B59-9677-0502801A9768}"
EndProject
Project("{2150E333-8FDC-42A3-9474-1A3956D46DE8}") = "1.1.3 - Windows", "1.1.3 - Windows", "{B676BF4F-3D67-4490-AC7B-82249126693A}"
EndProject
Project("{2150E333-8FDC-42A3-9474-1A3956D46DE8}") = "1.3 - Application", "1.3 - Application", "{7E559508-9E5D-4006-AC96-3ECACA498FB7}"
EndProject
Project("{2150E333-8FDC-42A3-9474-1A3956D46DE8}") = "1.4 - Domain", "1.4 - Domain", "{1A8E8B3F-908C-4381-BCA2-6DE099C8DC78}"
EndProject
Project("{2150E333-8FDC-42A3-9474-1A3956D46DE8}") = "1.5 - Infrastructure", "1.5 - Infrastructure", "{D8394D22-6554-419C-9289-A0D0E7441D23}"
EndProject
Project("{2150E333-8FDC-42A3-9474-1A3956D46DE8}") = "2 - Database", "2 - Database", "{4FB5074C-DDD6-495D-831A-5AD450EC711F}"
EndProject
Project("{2150E333-8FDC-42A3-9474-1A3956D46DE8}") = "3 - Solution Itens", "3 - Solution Itens", "{3501F088-EE23-498E-A39A-5D6CA94AD43C}"
	ProjectSection(SolutionItems) = preProject
		_Docs\Install_AngularJS_DotNetCore.txt = _Docs\Install_AngularJS_DotNetCore.txt
		_Docs\Swagger.png = _Docs\Swagger.png
	EndProjectSection
EndProject
Project("{2150E333-8FDC-42A3-9474-1A3956D46DE8}") = "1.4.1 - Core", "1.4.1 - Core", "{0EB4C7BC-DBAF-4FA7-B073-627D3F3F21D1}"
EndProject
Project("{2150E333-8FDC-42A3-9474-1A3956D46DE8}") = "1.4.2 - Modules", "1.4.2 - Modules", "{64FD33CC-B57D-4CFC-A3A6-E18B241934C0}"
EndProject
Project("{2150E333-8FDC-42A3-9474-1A3956D46DE8}") = "1.5.1 - Data", "1.5.1 - Data", "{EA365977-7C0E-43D4-B72E-E2F02B9E8DC4}"
EndProject
Project("{2150E333-8FDC-42A3-9474-1A3956D46DE8}") = "1.5.2 - Cross Cutting", "1.5.2 - Cross Cutting", "{77029055-C7D2-4748-91DC-679DDC874203}"
EndProject
Project("{2150E333-8FDC-42A3-9474-1A3956D46DE8}") = "1.5.1.1 - Core", "1.5.1.1 - Core", "{106045BA-1C4E-4641-9C16-C41DF4501131}"
EndProject
Project("{2150E333-8FDC-42A3-9474-1A3956D46DE8}") = "1.5.1.2 - Modules", "1.5.1.2 - Modules", "{206A7C1A-95D7-4473-A377-6D124AAF8C90}"
EndProject
Project("{2150E333-8FDC-42A3-9474-1A3956D46DE8}") = "1.3.1 - Core", "1.3.1 - Core", "{EDD56FAE-95FA-4D7D-BE12-DFA0D9D99313}"
EndProject
Project("{2150E333-8FDC-42A3-9474-1A3956D46DE8}") = "1.3.2 - Modules", "1.3.2 - Modules", "{AFFD7060-2348-480F-9984-2DE5DF46FDF4}"
EndProject
Project("{9A19103F-16F7-4668-BE54-9A1E7A4F7556}") = "IAS.CrossCutting.Core", "..\..\INVENTWARE.ApplicationStructure.Core\IAS.CrossCutting.Core\IAS.CrossCutting.Core.csproj", "{BF305622-8670-46C9-9CB9-54E03ADAE187}"
EndProject
Project("{9A19103F-16F7-4668-BE54-9A1E7A4F7556}") = "IAS.Domain.Core.2.1", "..\..\INVENTWARE.ApplicationStructure.Core\IAS.Domain.Core.2.1\IAS.Domain.Core.2.1.csproj", "{D3A3116F-4E9C-4F44-A8E5-52E252468965}"
EndProject
Project("{9A19103F-16F7-4668-BE54-9A1E7A4F7556}") = "Inventware.Domain.Core.2.1", "Inventware.Domain.Core.2.1\Inventware.Domain.Core.2.1.csproj", "{B56E974F-B2CB-4BF4-81DF-939AD07515F4}"
EndProject
Project("{9A19103F-16F7-4668-BE54-9A1E7A4F7556}") = "IAS.Data.Core.2.1", "..\..\INVENTWARE.ApplicationStructure.Core\IAS.Data.Core.2.1\IAS.Data.Core.2.1.csproj", "{E6734E85-6173-4E67-8E3B-F843796F0D10}"
EndProject
Project("{9A19103F-16F7-4668-BE54-9A1E7A4F7556}") = "Inventware.Data.Core.2.1", "Inventware.Data.Core.2.1\Inventware.Data.Core.2.1.csproj", "{C4537DDD-AEC9-4305-9CD6-4C83CA2618E3}"
EndProject
Project("{9A19103F-16F7-4668-BE54-9A1E7A4F7556}") = "Inventware.CrossCutting.Infra.IoC.Core.2.1", "Inventware.CrossCutting.Infra.IoC.Core.2.1\Inventware.CrossCutting.Infra.IoC.Core.2.1.csproj", "{69951CEA-17A2-4A12-8BEF-D7C39FB75604}"
EndProject
Project("{9A19103F-16F7-4668-BE54-9A1E7A4F7556}") = "Inventware.Application.Core.2.1", "Inventware.Application.Core.2.1\Inventware.Application.Core.2.1.csproj", "{43F957BC-78B3-411A-A2F8-7A8AD91D8469}"
EndProject
Project("{9A19103F-16F7-4668-BE54-9A1E7A4F7556}") = "Inventware.Api", "Inventware.Api\Inventware.Api.csproj", "{E2C5FE03-18E6-4C8E-8298-C10430A95165}"
EndProject
Project("{9A19103F-16F7-4668-BE54-9A1E7A4F7556}") = "IAS.Application.Core.2.1", "..\..\INVENTWARE.ApplicationStructure.Core\IAS.Application.Core.2.1\IAS.Application.Core.2.1.csproj", "{4EB78142-1604-42FC-8932-C434E34A65DA}"
EndProject
Project("{9A19103F-16F7-4668-BE54-9A1E7A4F7556}") = "Inventware.Site.UI", "Inventware.Site.UI\Inventware.Site.UI.csproj", "{5273C75D-5296-421C-BEC5-9C8C01759A19}"
EndProject
Project("{9A19103F-16F7-4668-BE54-9A1E7A4F7556}") = "Inventware.Data.Identity", "Inventware.Data.Identity\Inventware.Data.Identity.csproj", "{ABC5CA3B-87F1-4E82-B44E-CAAEB4F9957B}"
EndProject
Project("{9A19103F-16F7-4668-BE54-9A1E7A4F7556}") = "IAS.Core.CrossCutting.MemoryBus", "..\..\INVENTWARE.ApplicationStructure.Core\IAS.Core.CrossCutting.MemoryBus\IAS.Core.CrossCutting.MemoryBus.csproj", "{947E633C-71C7-4913-9802-1AD755F7BE1B}"
EndProject
Global
	GlobalSection(SolutionConfigurationPlatforms) = preSolution
		Debug|Any CPU = Debug|Any CPU
		Release|Any CPU = Release|Any CPU
	EndGlobalSection
	GlobalSection(ProjectConfigurationPlatforms) = postSolution
		{BF305622-8670-46C9-9CB9-54E03ADAE187}.Debug|Any CPU.ActiveCfg = Debug|Any CPU
		{BF305622-8670-46C9-9CB9-54E03ADAE187}.Debug|Any CPU.Build.0 = Debug|Any CPU
		{BF305622-8670-46C9-9CB9-54E03ADAE187}.Release|Any CPU.ActiveCfg = Release|Any CPU
		{BF305622-8670-46C9-9CB9-54E03ADAE187}.Release|Any CPU.Build.0 = Release|Any CPU
		{D3A3116F-4E9C-4F44-A8E5-52E252468965}.Debug|Any CPU.ActiveCfg = Debug|Any CPU
		{D3A3116F-4E9C-4F44-A8E5-52E252468965}.Debug|Any CPU.Build.0 = Debug|Any CPU
		{D3A3116F-4E9C-4F44-A8E5-52E252468965}.Release|Any CPU.ActiveCfg = Release|Any CPU
		{D3A3116F-4E9C-4F44-A8E5-52E252468965}.Release|Any CPU.Build.0 = Release|Any CPU
		{B56E974F-B2CB-4BF4-81DF-939AD07515F4}.Debug|Any CPU.ActiveCfg = Debug|Any CPU
		{B56E974F-B2CB-4BF4-81DF-939AD07515F4}.Debug|Any CPU.Build.0 = Debug|Any CPU
		{B56E974F-B2CB-4BF4-81DF-939AD07515F4}.Release|Any CPU.ActiveCfg = Release|Any CPU
		{B56E974F-B2CB-4BF4-81DF-939AD07515F4}.Release|Any CPU.Build.0 = Release|Any CPU
		{E6734E85-6173-4E67-8E3B-F843796F0D10}.Debug|Any CPU.ActiveCfg = Debug|Any CPU
		{E6734E85-6173-4E67-8E3B-F843796F0D10}.Debug|Any CPU.Build.0 = Debug|Any CPU
		{E6734E85-6173-4E67-8E3B-F843796F0D10}.Release|Any CPU.ActiveCfg = Release|Any CPU
		{E6734E85-6173-4E67-8E3B-F843796F0D10}.Release|Any CPU.Build.0 = Release|Any CPU
		{C4537DDD-AEC9-4305-9CD6-4C83CA2618E3}.Debug|Any CPU.ActiveCfg = Debug|Any CPU
		{C4537DDD-AEC9-4305-9CD6-4C83CA2618E3}.Debug|Any CPU.Build.0 = Debug|Any CPU
		{C4537DDD-AEC9-4305-9CD6-4C83CA2618E3}.Release|Any CPU.ActiveCfg = Release|Any CPU
		{C4537DDD-AEC9-4305-9CD6-4C83CA2618E3}.Release|Any CPU.Build.0 = Release|Any CPU
		{69951CEA-17A2-4A12-8BEF-D7C39FB75604}.Debug|Any CPU.ActiveCfg = Debug|Any CPU
		{69951CEA-17A2-4A12-8BEF-D7C39FB75604}.Debug|Any CPU.Build.0 = Debug|Any CPU
		{69951CEA-17A2-4A12-8BEF-D7C39FB75604}.Release|Any CPU.ActiveCfg = Release|Any CPU
		{69951CEA-17A2-4A12-8BEF-D7C39FB75604}.Release|Any CPU.Build.0 = Release|Any CPU
		{43F957BC-78B3-411A-A2F8-7A8AD91D8469}.Debug|Any CPU.ActiveCfg = Debug|Any CPU
		{43F957BC-78B3-411A-A2F8-7A8AD91D8469}.Debug|Any CPU.Build.0 = Debug|Any CPU
		{43F957BC-78B3-411A-A2F8-7A8AD91D8469}.Release|Any CPU.ActiveCfg = Release|Any CPU
		{43F957BC-78B3-411A-A2F8-7A8AD91D8469}.Release|Any CPU.Build.0 = Release|Any CPU
		{E2C5FE03-18E6-4C8E-8298-C10430A95165}.Debug|Any CPU.ActiveCfg = Debug|Any CPU
		{E2C5FE03-18E6-4C8E-8298-C10430A95165}.Debug|Any CPU.Build.0 = Debug|Any CPU
		{E2C5FE03-18E6-4C8E-8298-C10430A95165}.Release|Any CPU.ActiveCfg = Release|Any CPU
		{E2C5FE03-18E6-4C8E-8298-C10430A95165}.Release|Any CPU.Build.0 = Release|Any CPU
		{4EB78142-1604-42FC-8932-C434E34A65DA}.Debug|Any CPU.ActiveCfg = Debug|Any CPU
		{4EB78142-1604-42FC-8932-C434E34A65DA}.Debug|Any CPU.Build.0 = Debug|Any CPU
		{4EB78142-1604-42FC-8932-C434E34A65DA}.Release|Any CPU.ActiveCfg = Release|Any CPU
		{4EB78142-1604-42FC-8932-C434E34A65DA}.Release|Any CPU.Build.0 = Release|Any CPU
		{5273C75D-5296-421C-BEC5-9C8C01759A19}.Debug|Any CPU.ActiveCfg = Debug|Any CPU
		{5273C75D-5296-421C-BEC5-9C8C01759A19}.Debug|Any CPU.Build.0 = Debug|Any CPU
		{5273C75D-5296-421C-BEC5-9C8C01759A19}.Release|Any CPU.ActiveCfg = Release|Any CPU
		{5273C75D-5296-421C-BEC5-9C8C01759A19}.Release|Any CPU.Build.0 = Release|Any CPU
		{ABC5CA3B-87F1-4E82-B44E-CAAEB4F9957B}.Debug|Any CPU.ActiveCfg = Debug|Any CPU
		{ABC5CA3B-87F1-4E82-B44E-CAAEB4F9957B}.Debug|Any CPU.Build.0 = Debug|Any CPU
		{ABC5CA3B-87F1-4E82-B44E-CAAEB4F9957B}.Release|Any CPU.ActiveCfg = Release|Any CPU
		{ABC5CA3B-87F1-4E82-B44E-CAAEB4F9957B}.Release|Any CPU.Build.0 = Release|Any CPU
		{947E633C-71C7-4913-9802-1AD755F7BE1B}.Debug|Any CPU.ActiveCfg = Debug|Any CPU
		{947E633C-71C7-4913-9802-1AD755F7BE1B}.Debug|Any CPU.Build.0 = Debug|Any CPU
		{947E633C-71C7-4913-9802-1AD755F7BE1B}.Release|Any CPU.ActiveCfg = Release|Any CPU
		{947E633C-71C7-4913-9802-1AD755F7BE1B}.Release|Any CPU.Build.0 = Release|Any CPU
	EndGlobalSection
	GlobalSection(SolutionProperties) = preSolution
		HideSolutionNode = FALSE
	EndGlobalSection
	GlobalSection(NestedProjects) = preSolution
		{A0CDB46D-49C7-4A51-9DC1-22321BF2F5AA} = {87653FBF-BCB2-46E1-87A7-653198884AC4}
		{B0F31B6F-B993-45A9-B776-2450A9E70D35} = {87653FBF-BCB2-46E1-87A7-653198884AC4}
		{1A67D5A0-166C-42CA-867D-DAE5F09D52CF} = {A0CDB46D-49C7-4A51-9DC1-22321BF2F5AA}
		{EB42DF77-546A-4B59-9677-0502801A9768} = {A0CDB46D-49C7-4A51-9DC1-22321BF2F5AA}
		{B676BF4F-3D67-4490-AC7B-82249126693A} = {A0CDB46D-49C7-4A51-9DC1-22321BF2F5AA}
		{7E559508-9E5D-4006-AC96-3ECACA498FB7} = {87653FBF-BCB2-46E1-87A7-653198884AC4}
		{1A8E8B3F-908C-4381-BCA2-6DE099C8DC78} = {87653FBF-BCB2-46E1-87A7-653198884AC4}
		{D8394D22-6554-419C-9289-A0D0E7441D23} = {87653FBF-BCB2-46E1-87A7-653198884AC4}
		{0EB4C7BC-DBAF-4FA7-B073-627D3F3F21D1} = {1A8E8B3F-908C-4381-BCA2-6DE099C8DC78}
		{64FD33CC-B57D-4CFC-A3A6-E18B241934C0} = {1A8E8B3F-908C-4381-BCA2-6DE099C8DC78}
		{EA365977-7C0E-43D4-B72E-E2F02B9E8DC4} = {D8394D22-6554-419C-9289-A0D0E7441D23}
		{77029055-C7D2-4748-91DC-679DDC874203} = {D8394D22-6554-419C-9289-A0D0E7441D23}
		{106045BA-1C4E-4641-9C16-C41DF4501131} = {EA365977-7C0E-43D4-B72E-E2F02B9E8DC4}
		{206A7C1A-95D7-4473-A377-6D124AAF8C90} = {EA365977-7C0E-43D4-B72E-E2F02B9E8DC4}
		{EDD56FAE-95FA-4D7D-BE12-DFA0D9D99313} = {7E559508-9E5D-4006-AC96-3ECACA498FB7}
		{AFFD7060-2348-480F-9984-2DE5DF46FDF4} = {7E559508-9E5D-4006-AC96-3ECACA498FB7}
		{BF305622-8670-46C9-9CB9-54E03ADAE187} = {77029055-C7D2-4748-91DC-679DDC874203}
		{D3A3116F-4E9C-4F44-A8E5-52E252468965} = {0EB4C7BC-DBAF-4FA7-B073-627D3F3F21D1}
		{B56E974F-B2CB-4BF4-81DF-939AD07515F4} = {64FD33CC-B57D-4CFC-A3A6-E18B241934C0}
		{E6734E85-6173-4E67-8E3B-F843796F0D10} = {106045BA-1C4E-4641-9C16-C41DF4501131}
		{C4537DDD-AEC9-4305-9CD6-4C83CA2618E3} = {206A7C1A-95D7-4473-A377-6D124AAF8C90}
		{69951CEA-17A2-4A12-8BEF-D7C39FB75604} = {77029055-C7D2-4748-91DC-679DDC874203}
		{43F957BC-78B3-411A-A2F8-7A8AD91D8469} = {AFFD7060-2348-480F-9984-2DE5DF46FDF4}
		{E2C5FE03-18E6-4C8E-8298-C10430A95165} = {B0F31B6F-B993-45A9-B776-2450A9E70D35}
		{4EB78142-1604-42FC-8932-C434E34A65DA} = {EDD56FAE-95FA-4D7D-BE12-DFA0D9D99313}
		{5273C75D-5296-421C-BEC5-9C8C01759A19} = {EB42DF77-546A-4B59-9677-0502801A9768}
		{ABC5CA3B-87F1-4E82-B44E-CAAEB4F9957B} = {206A7C1A-95D7-4473-A377-6D124AAF8C90}
		{947E633C-71C7-4913-9802-1AD755F7BE1B} = {77029055-C7D2-4748-91DC-679DDC874203}
	EndGlobalSection
	GlobalSection(ExtensibilityGlobals) = postSolution
		SolutionGuid = {C6BE91C6-C6B4-42F5-83C6-70C9CA299088}
	EndGlobalSection
EndGlobal
